
Microsoft Visual Studio Solution File, Format Version 12.00
# Visual Studio Version 17
VisualStudioVersion = 17.1.32210.238
MinimumVisualStudioVersion = 10.0.40219.1
Project("{9A19103F-16F7-4668-BE54-9A1E7A4F7556}") = "DEA", "DEA\DEA.csproj", "{96CB721A-A2EF-4867-9E7C-DDE3E8F1C726}"
EndProject
Global
	GlobalSection(SolutionConfigurationPlatforms) = preSolution
		Debug|Any CPU = Debug|Any CPU
		Release|Any CPU = Release|Any CPU
	EndGlobalSection
	GlobalSection(ProjectConfigurationPlatforms) = postSolution
		{96CB721A-A2EF-4867-9E7C-DDE3E8F1C726}.Debug|Any CPU.ActiveCfg = Debug|Any CPU
		{96CB721A-A2EF-4867-9E7C-DDE3E8F1C726}.Debug|Any CPU.Build.0 = Debug|Any CPU
		{96CB721A-A2EF-4867-9E7C-DDE3E8F1C726}.Release|Any CPU.ActiveCfg = Release|Any CPU
		{96CB721A-A2EF-4867-9E7C-DDE3E8F1C726}.Release|Any CPU.Build.0 = Release|Any CPU
	EndGlobalSection
	GlobalSection(SolutionProperties) = preSolution
		HideSolutionNode = FALSE
	EndGlobalSection
	GlobalSection(ExtensibilityGlobals) = postSolution
		SolutionGuid = {7F010701-732B-458D-AD8C-3DA65F87D8A5}
	EndGlobalSection
EndGlobal
